
Microsoft Visual Studio Solution File, Format Version 12.00
# Visual Studio Version 16
VisualStudioVersion = 16.0.29613.14
MinimumVisualStudioVersion = 10.0.40219.1
Project("{9A19103F-16F7-4668-BE54-9A1E7A4F7556}") = "MBFastDialogue", "MBFastDialogue\MBFastDialogue.csproj", "{529DDC97-C43A-4EF5-A519-A49655FC2960}"
EndProject
Global
	GlobalSection(SolutionConfigurationPlatforms) = preSolution
		Debug|Any CPU = Debug|Any CPU
		Release|Any CPU = Release|Any CPU
	EndGlobalSection
	GlobalSection(ProjectConfigurationPlatforms) = postSolution
		{529DDC97-C43A-4EF5-A519-A49655FC2960}.Debug|Any CPU.ActiveCfg = Debug|Any CPU
		{529DDC97-C43A-4EF5-A519-A49655FC2960}.Debug|Any CPU.Build.0 = Debug|Any CPU
		{529DDC97-C43A-4EF5-A519-A49655FC2960}.Release|Any CPU.ActiveCfg = Release|Any CPU
		{529DDC97-C43A-4EF5-A519-A49655FC2960}.Release|Any CPU.Build.0 = Release|Any CPU
	EndGlobalSection
	GlobalSection(SolutionProperties) = preSolution
		HideSolutionNode = FALSE
	EndGlobalSection
	GlobalSection(ExtensibilityGlobals) = postSolution
		SolutionGuid = {9F781805-3969-4E17-89DE-5282C6314A7F}
	EndGlobalSection
EndGlobal
